# This is a Gradle generated file for dependency locking.
# Manual edits can break the build and are not advised.
# This file is expected to be part of source control.
androidx.annotation:annotation:1.1.0=androidDebugUnitTestCompileClasspath,androidDebugUnitTestImplementationDependenciesMetadata,androidDebugUnitTestRuntimeClasspath,androidReleaseUnitTestCompileClasspath,androidReleaseUnitTestImplementationDependenciesMetadata,androidReleaseUnitTestRuntimeClasspath,androidTestImplementationDependenciesMetadata,debugAndroidTestCompileClasspath,debugAndroidTestRuntimeClasspath,debugUnitTestCompileClasspath,debugUnitTestRuntimeClasspath,releaseUnitTestCompileClasspath,releaseUnitTestRuntimeClasspath
androidx.test:monitor:1.3.0-rc03=androidDebugUnitTestCompileClasspath,androidDebugUnitTestImplementationDependenciesMetadata,androidDebugUnitTestRuntimeClasspath,androidReleaseUnitTestCompileClasspath,androidReleaseUnitTestImplementationDependenciesMetadata,androidReleaseUnitTestRuntimeClasspath,androidTestImplementationDependenciesMetadata,debugAndroidTestCompileClasspath,debugAndroidTestRuntimeClasspath,debugUnitTestCompileClasspath,debugUnitTestRuntimeClasspath,releaseUnitTestCompileClasspath,releaseUnitTestRuntimeClasspath
com.almworks.sqlite4java:sqlite4java:0.282=androidDebugUnitTestCompileClasspath,androidDebugUnitTestImplementationDependenciesMetadata,androidDebugUnitTestRuntimeClasspath,androidReleaseUnitTestCompileClasspath,androidReleaseUnitTestImplementationDependenciesMetadata,androidReleaseUnitTestRuntimeClasspath,androidTestImplementationDependenciesMetadata,debugAndroidTestCompileClasspath,debugAndroidTestRuntimeClasspath,debugUnitTestCompileClasspath,debugUnitTestRuntimeClasspath,releaseUnitTestCompileClasspath,releaseUnitTestRuntimeClasspath
com.android.tools.analytics-library:protos:27.0.1=lintClassPath
com.android.tools.analytics-library:shared:27.0.1=lintClassPath
com.android.tools.analytics-library:tracker:27.0.1=lintClassPath
com.android.tools.build:aapt2-proto:0.4.0=lintClassPath
com.android.tools.build:aapt2:4.0.1-6197926=_internal_aapt2_binary
com.android.tools.build:apksig:4.0.1=lintClassPath
com.android.tools.build:apkzlib:4.0.1=lintClassPath
com.android.tools.build:builder-model:4.0.1=lintClassPath
com.android.tools.build:builder-test-api:4.0.1=lintClassPath
com.android.tools.build:builder:4.0.1=lintClassPath
com.android.tools.build:gradle-api:4.0.1=lintClassPath
com.android.tools.build:manifest-merger:27.0.1=lintClassPath
com.android.tools.ddms:ddmlib:27.0.1=lintClassPath
com.android.tools.external.com-intellij:intellij-core:27.0.1=lintClassPath
com.android.tools.external.com-intellij:kotlin-compiler:27.0.1=lintClassPath
com.android.tools.external.org-jetbrains:uast:27.0.1=lintClassPath
com.android.tools.layoutlib:layoutlib-api:27.0.1=lintClassPath
com.android.tools.lint:lint-api:27.0.1=lintClassPath
com.android.tools.lint:lint-checks:27.0.1=lintClassPath
com.android.tools.lint:lint-gradle-api:27.0.1=lintClassPath
com.android.tools.lint:lint-gradle:27.0.1=lintClassPath
com.android.tools.lint:lint:27.0.1=lintClassPath
com.android.tools:annotations:27.0.1=lintClassPath
com.android.tools:common:27.0.1=lintClassPath
com.android.tools:dvlib:27.0.1=lintClassPath
com.android.tools:repository:27.0.1=lintClassPath
com.android.tools:sdk-common:27.0.1=lintClassPath
com.android.tools:sdklib:27.0.1=lintClassPath
com.android:signflinger:4.0.1=lintClassPath
com.android:zipflinger:4.0.1=lintClassPath
com.google.auto.value:auto-value-annotations:1.6.2=androidDebugUnitTestCompileClasspath,androidDebugUnitTestImplementationDependenciesMetadata,androidDebugUnitTestRuntimeClasspath,androidReleaseUnitTestCompileClasspath,androidReleaseUnitTestImplementationDependenciesMetadata,androidReleaseUnitTestRuntimeClasspath,androidTestImplementationDependenciesMetadata,debugAndroidTestCompileClasspath,debugAndroidTestRuntimeClasspath,debugUnitTestCompileClasspath,debugUnitTestRuntimeClasspath,releaseUnitTestCompileClasspath,releaseUnitTestRuntimeClasspath
com.google.code.findbugs:jsr305:3.0.2=androidDebugUnitTestCompileClasspath,androidDebugUnitTestImplementationDependenciesMetadata,androidDebugUnitTestRuntimeClasspath,androidReleaseUnitTestCompileClasspath,androidReleaseUnitTestImplementationDependenciesMetadata,androidReleaseUnitTestRuntimeClasspath,androidTestImplementationDependenciesMetadata,debugAndroidTestCompileClasspath,debugAndroidTestRuntimeClasspath,debugUnitTestCompileClasspath,debugUnitTestRuntimeClasspath,lintClassPath,releaseUnitTestCompileClasspath,releaseUnitTestRuntimeClasspath
com.google.code.gson:gson:2.8.5=lintClassPath
com.google.errorprone:error_prone_annotations:2.2.0=androidDebugUnitTestCompileClasspath,androidDebugUnitTestImplementationDependenciesMetadata,androidDebugUnitTestRuntimeClasspath,androidReleaseUnitTestCompileClasspath,androidReleaseUnitTestImplementationDependenciesMetadata,androidReleaseUnitTestRuntimeClasspath,androidTestImplementationDependenciesMetadata,debugAndroidTestCompileClasspath,debugAndroidTestRuntimeClasspath,debugUnitTestCompileClasspath,debugUnitTestRuntimeClasspath,releaseUnitTestCompileClasspath,releaseUnitTestRuntimeClasspath
com.google.errorprone:error_prone_annotations:2.3.2=lintClassPath
com.google.guava:failureaccess:1.0.1=androidDebugUnitTestCompileClasspath,androidDebugUnitTestImplementationDependenciesMetadata,androidDebugUnitTestRuntimeClasspath,androidReleaseUnitTestCompileClasspath,androidReleaseUnitTestImplementationDependenciesMetadata,androidReleaseUnitTestRuntimeClasspath,androidTestImplementationDependenciesMetadata,debugAndroidTestCompileClasspath,debugAndroidTestRuntimeClasspath,debugUnitTestCompileClasspath,debugUnitTestRuntimeClasspath,lintClassPath,releaseUnitTestCompileClasspath,releaseUnitTestRuntimeClasspath
com.google.guava:guava:27.0.1-jre=androidDebugUnitTestCompileClasspath,androidDebugUnitTestImplementationDependenciesMetadata,androidDebugUnitTestRuntimeClasspath,androidReleaseUnitTestCompileClasspath,androidReleaseUnitTestImplementationDependenciesMetadata,androidReleaseUnitTestRuntimeClasspath,androidTestImplementationDependenciesMetadata,debugAndroidTestCompileClasspath,debugAndroidTestRuntimeClasspath,debugUnitTestCompileClasspath,debugUnitTestRuntimeClasspath,releaseUnitTestCompileClasspath,releaseUnitTestRuntimeClasspath
com.google.guava:guava:28.1-jre=lintClassPath
com.google.guava:listenablefuture:9999.0-empty-to-avoid-conflict-with-guava=androidDebugUnitTestCompileClasspath,androidDebugUnitTestImplementationDependenciesMetadata,androidDebugUnitTestRuntimeClasspath,androidReleaseUnitTestCompileClasspath,androidReleaseUnitTestImplementationDependenciesMetadata,androidReleaseUnitTestRuntimeClasspath,androidTestImplementationDependenciesMetadata,debugAndroidTestCompileClasspath,debugAndroidTestRuntimeClasspath,debugUnitTestCompileClasspath,debugUnitTestRuntimeClasspath,lintClassPath,releaseUnitTestCompileClasspath,releaseUnitTestRuntimeClasspath
com.google.j2objc:j2objc-annotations:1.1=androidDebugUnitTestCompileClasspath,androidDebugUnitTestImplementationDependenciesMetadata,androidDebugUnitTestRuntimeClasspath,androidReleaseUnitTestCompileClasspath,androidReleaseUnitTestImplementationDependenciesMetadata,androidReleaseUnitTestRuntimeClasspath,androidTestImplementationDependenciesMetadata,debugAndroidTestCompileClasspath,debugAndroidTestRuntimeClasspath,debugUnitTestCompileClasspath,debugUnitTestRuntimeClasspath,releaseUnitTestCompileClasspath,releaseUnitTestRuntimeClasspath
com.google.j2objc:j2objc-annotations:1.3=lintClassPath
com.google.jimfs:jimfs:1.1=lintClassPath
com.google.protobuf:protobuf-java:3.10.0=lintClassPath
com.googlecode.json-simple:json-simple:1.1=lintClassPath
com.ibm.icu:icu4j:53.1=androidDebugUnitTestCompileClasspath,androidDebugUnitTestImplementationDependenciesMetadata,androidDebugUnitTestRuntimeClasspath,androidReleaseUnitTestCompileClasspath,androidReleaseUnitTestImplementationDependenciesMetadata,androidReleaseUnitTestRuntimeClasspath,androidTestImplementationDependenciesMetadata,debugAndroidTestCompileClasspath,debugAndroidTestRuntimeClasspath,debugUnitTestCompileClasspath,debugUnitTestRuntimeClasspath,releaseUnitTestCompileClasspath,releaseUnitTestRuntimeClasspath
com.squareup:javawriter:2.5.0=lintClassPath
com.sun.activation:javax.activation:1.2.0=lintClassPath
com.sun.istack:istack-commons-runtime:3.0.7=lintClassPath
com.sun.xml.fastinfoset:FastInfoset:1.2.15=lintClassPath
commons-codec:commons-codec:1.10=lintClassPath
commons-logging:commons-logging:1.2=lintClassPath
it.unimi.dsi:fastutil:7.2.0=lintClassPath
javax.activation:javax.activation-api:1.2.0=lintClassPath
javax.annotation:javax.annotation-api:1.3.2=androidDebugUnitTestCompileClasspath,androidDebugUnitTestImplementationDependenciesMetadata,androidDebugUnitTestRuntimeClasspath,androidReleaseUnitTestCompileClasspath,androidReleaseUnitTestImplementationDependenciesMetadata,androidReleaseUnitTestRuntimeClasspath,androidTestImplementationDependenciesMetadata,debugAndroidTestCompileClasspath,debugAndroidTestRuntimeClasspath,debugUnitTestCompileClasspath,debugUnitTestRuntimeClasspath,releaseUnitTestCompileClasspath,releaseUnitTestRuntimeClasspath
javax.inject:javax.inject:1=androidDebugUnitTestCompileClasspath,androidDebugUnitTestImplementationDependenciesMetadata,androidDebugUnitTestRuntimeClasspath,androidReleaseUnitTestCompileClasspath,androidReleaseUnitTestImplementationDependenciesMetadata,androidReleaseUnitTestRuntimeClasspath,androidTestImplementationDependenciesMetadata,debugAndroidTestCompileClasspath,debugAndroidTestRuntimeClasspath,debugUnitTestCompileClasspath,debugUnitTestRuntimeClasspath,lintClassPath,releaseUnitTestCompileClasspath,releaseUnitTestRuntimeClasspath
javax.xml.bind:jaxb-api:2.3.1=lintClassPath
junit:junit:4.12=androidDebugUnitTestCompileClasspath,androidDebugUnitTestImplementationDependenciesMetadata,androidDebugUnitTestRuntimeClasspath,androidReleaseUnitTestCompileClasspath,androidReleaseUnitTestImplementationDependenciesMetadata,androidReleaseUnitTestRuntimeClasspath,androidTestImplementationDependenciesMetadata,debugAndroidTestCompileClasspath,debugAndroidTestRuntimeClasspath,debugUnitTestCompileClasspath,debugUnitTestRuntimeClasspath,jvmTestCompileClasspath,jvmTestImplementationDependenciesMetadata,jvmTestRuntimeClasspath,releaseUnitTestCompileClasspath,releaseUnitTestRuntimeClasspath
net.sf.jopt-simple:jopt-simple:4.9=lintClassPath
net.sf.kxml:kxml2:2.3.0=lintClassPath
org.apache.commons:commons-compress:1.12=lintClassPath
org.apache.httpcomponents:httpclient:4.5.6=lintClassPath
org.apache.httpcomponents:httpcore:4.4.10=lintClassPath
org.apache.httpcomponents:httpmime:4.5.6=lintClassPath
org.bouncycastle:bcpkix-jdk15on:1.56=lintClassPath
org.bouncycastle:bcprov-jdk15on:1.56=lintClassPath
org.bouncycastle:bcprov-jdk15on:1.65=androidDebugUnitTestCompileClasspath,androidDebugUnitTestImplementationDependenciesMetadata,androidDebugUnitTestRuntimeClasspath,androidReleaseUnitTestCompileClasspath,androidReleaseUnitTestImplementationDependenciesMetadata,androidReleaseUnitTestRuntimeClasspath,androidTestImplementationDependenciesMetadata,debugAndroidTestCompileClasspath,debugAndroidTestRuntimeClasspath,debugUnitTestCompileClasspath,debugUnitTestRuntimeClasspath,releaseUnitTestCompileClasspath,releaseUnitTestRuntimeClasspath
org.checkerframework:checker-qual:2.5.2=androidDebugUnitTestCompileClasspath,androidDebugUnitTestImplementationDependenciesMetadata,androidDebugUnitTestRuntimeClasspath,androidReleaseUnitTestCompileClasspath,androidReleaseUnitTestImplementationDependenciesMetadata,androidReleaseUnitTestRuntimeClasspath,androidTestImplementationDependenciesMetadata,debugAndroidTestCompileClasspath,debugAndroidTestRuntimeClasspath,debugUnitTestCompileClasspath,debugUnitTestRuntimeClasspath,releaseUnitTestCompileClasspath,releaseUnitTestRuntimeClasspath
org.checkerframework:checker-qual:2.8.1=lintClassPath
org.codehaus.groovy:groovy-all:2.4.15=lintClassPath
org.codehaus.mojo:animal-sniffer-annotations:1.17=androidDebugUnitTestCompileClasspath,androidDebugUnitTestImplementationDependenciesMetadata,androidDebugUnitTestRuntimeClasspath,androidReleaseUnitTestCompileClasspath,androidReleaseUnitTestImplementationDependenciesMetadata,androidReleaseUnitTestRuntimeClasspath,androidTestImplementationDependenciesMetadata,debugAndroidTestCompileClasspath,debugAndroidTestRuntimeClasspath,debugUnitTestCompileClasspath,debugUnitTestRuntimeClasspath,releaseUnitTestCompileClasspath,releaseUnitTestRuntimeClasspath
org.codehaus.mojo:animal-sniffer-annotations:1.18=lintClassPath
org.glassfish.jaxb:jaxb-runtime:2.3.1=lintClassPath
org.glassfish.jaxb:txw2:2.3.1=lintClassPath
org.hamcrest:hamcrest-core:1.3=androidDebugUnitTestCompileClasspath,androidDebugUnitTestImplementationDependenciesMetadata,androidDebugUnitTestRuntimeClasspath,androidReleaseUnitTestCompileClasspath,androidReleaseUnitTestImplementationDependenciesMetadata,androidReleaseUnitTestRuntimeClasspath,androidTestImplementationDependenciesMetadata,debugAndroidTestCompileClasspath,debugAndroidTestRuntimeClasspath,debugUnitTestCompileClasspath,debugUnitTestRuntimeClasspath,jvmTestCompileClasspath,jvmTestImplementationDependenciesMetadata,jvmTestRuntimeClasspath,releaseUnitTestCompileClasspath,releaseUnitTestRuntimeClasspath
org.jetbrains.intellij.deps:trove4j:1.0.20181211=kotlinCompilerClasspath,kotlinKlibCommonizerClasspath
org.jetbrains.kotlin:kotlin-compiler-embeddable:1.4.21=kotlinCompilerClasspath,kotlinKlibCommonizerClasspath
org.jetbrains.kotlin:kotlin-daemon-embeddable:1.4.21=kotlinCompilerClasspath,kotlinKlibCommonizerClasspath
org.jetbrains.kotlin:kotlin-klib-commonizer-embeddable:1.4.21=kotlinKlibCommonizerClasspath
org.jetbrains.kotlin:kotlin-reflect:1.3.72=lintClassPath
org.jetbrains.kotlin:kotlin-reflect:1.4.21=kotlinCompilerClasspath,kotlinKlibCommonizerClasspath
org.jetbrains.kotlin:kotlin-script-runtime:1.4.21=kotlinCompilerClasspath,kotlinCompilerPluginClasspath,kotlinKlibCommonizerClasspath
org.jetbrains.kotlin:kotlin-scripting-common:1.4.21=kotlinCompilerPluginClasspath
org.jetbrains.kotlin:kotlin-scripting-compiler-embeddable:1.4.21=kotlinCompilerPluginClasspath
org.jetbrains.kotlin:kotlin-scripting-compiler-impl-embeddable:1.4.21=kotlinCompilerPluginClasspath
org.jetbrains.kotlin:kotlin-scripting-jvm:1.4.21=kotlinCompilerPluginClasspath
org.jetbrains.kotlin:kotlin-stdlib-common:1.3.72=lintClassPath
org.jetbrains.kotlin:kotlin-stdlib-common:1.4.21=androidDebugAndroidTestApiDependenciesMetadata,androidDebugAndroidTestCompileClasspath,androidDebugAndroidTestImplementationDependenciesMetadata,androidDebugAndroidTestRuntimeClasspath,androidDebugCompileClasspath,androidDebugImplementationDependenciesMetadata,androidDebugRuntimeClasspath,androidDebugUnitTestApiDependenciesMetadata,androidDebugUnitTestCompileClasspath,androidDebugUnitTestImplementationDependenciesMetadata,androidDebugUnitTestRuntimeClasspath,androidMainImplementationDependenciesMetadata,androidReleaseCompileClasspath,androidReleaseImplementationDependenciesMetadata,androidReleaseRuntimeClasspath,androidReleaseUnitTestApiDependenciesMetadata,androidReleaseUnitTestCompileClasspath,androidReleaseUnitTestImplementationDependenciesMetadata,androidReleaseUnitTestRuntimeClasspath,androidTestApiDependenciesMetadata,androidTestDebugApiDependenciesMetadata,androidTestDebugImplementationDependenciesMetadata,androidTestImplementationDependenciesMetadata,archives,commonMainImplementationDependenciesMetadata,commonTestApiDependenciesMetadata,commonTestImplementationDependenciesMetadata,debugAndroidTestCompileClasspath,debugAndroidTestRuntimeClasspath,debugCompileClasspath,debugRuntimeClasspath,debugUnitTestCompileClasspath,debugUnitTestRuntimeClasspath,jvmCompileClasspath,jvmDefault,jvmMainImplementationDependenciesMetadata,jvmRuntimeClasspath,jvmTestApiDependenciesMetadata,jvmTestCompileClasspath,jvmTestImplementationDependenciesMetadata,jvmTestRuntimeClasspath,kotlinCompilerClasspath,kotlinCompilerPluginClasspath,kotlinKlibCommonizerClasspath,metadataCompileClasspath,releaseCompileClasspath,releaseRuntimeClasspath,releaseUnitTestCompileClasspath,releaseUnitTestRuntimeClasspath
org.jetbrains.kotlin:kotlin-stdlib-jdk7:1.3.72=lintClassPath
org.jetbrains.kotlin:kotlin-stdlib-jdk7:1.4.21=jvmCompileClasspath,jvmDefault,jvmMainImplementationDependenciesMetadata,jvmRuntimeClasspath,jvmTestCompileClasspath,jvmTestImplementationDependenciesMetadata,jvmTestRuntimeClasspath
org.jetbrains.kotlin:kotlin-stdlib-jdk8:1.3.72=lintClassPath
org.jetbrains.kotlin:kotlin-stdlib-jdk8:1.4.21=jvmCompileClasspath,jvmDefault,jvmMainImplementationDependenciesMetadata,jvmRuntimeClasspath,jvmTestCompileClasspath,jvmTestImplementationDependenciesMetadata,jvmTestRuntimeClasspath
org.jetbrains.kotlin:kotlin-stdlib:1.3.72=lintClassPath
org.jetbrains.kotlin:kotlin-stdlib:1.4.21=androidDebugAndroidTestApiDependenciesMetadata,androidDebugAndroidTestCompileClasspath,androidDebugAndroidTestImplementationDependenciesMetadata,androidDebugAndroidTestRuntimeClasspath,androidDebugCompileClasspath,androidDebugImplementationDependenciesMetadata,androidDebugRuntimeClasspath,androidDebugUnitTestApiDependenciesMetadata,androidDebugUnitTestCompileClasspath,androidDebugUnitTestImplementationDependenciesMetadata,androidDebugUnitTestRuntimeClasspath,androidMainImplementationDependenciesMetadata,androidReleaseCompileClasspath,androidReleaseImplementationDependenciesMetadata,androidReleaseRuntimeClasspath,androidReleaseUnitTestApiDependenciesMetadata,androidReleaseUnitTestCompileClasspath,androidReleaseUnitTestImplementationDependenciesMetadata,androidReleaseUnitTestRuntimeClasspath,androidTestApiDependenciesMetadata,androidTestDebugApiDependenciesMetadata,androidTestDebugImplementationDependenciesMetadata,androidTestImplementationDependenciesMetadata,archives,commonTestApiDependenciesMetadata,debugAndroidTestCompileClasspath,debugAndroidTestRuntimeClasspath,debugCompileClasspath,debugRuntimeClasspath,debugUnitTestCompileClasspath,debugUnitTestRuntimeClasspath,jvmCompileClasspath,jvmDefault,jvmMainImplementationDependenciesMetadata,jvmRuntimeClasspath,jvmTestApiDependenciesMetadata,jvmTestCompileClasspath,jvmTestImplementationDependenciesMetadata,jvmTestRuntimeClasspath,kotlinCompilerClasspath,kotlinCompilerPluginClasspath,kotlinKlibCommonizerClasspath,releaseCompileClasspath,releaseRuntimeClasspath,releaseUnitTestCompileClasspath,releaseUnitTestRuntimeClasspath
org.jetbrains.kotlin:kotlin-test-annotations-common:1.4.21=androidDebugAndroidTestCompileClasspath,androidDebugAndroidTestImplementationDependenciesMetadata,androidDebugAndroidTestRuntimeClasspath,androidDebugUnitTestCompileClasspath,androidDebugUnitTestImplementationDependenciesMetadata,androidDebugUnitTestRuntimeClasspath,androidReleaseUnitTestCompileClasspath,androidReleaseUnitTestImplementationDependenciesMetadata,androidReleaseUnitTestRuntimeClasspath,androidTestDebugImplementationDependenciesMetadata,androidTestImplementationDependenciesMetadata,commonTestImplementationDependenciesMetadata,debugAndroidTestCompileClasspath,debugAndroidTestRuntimeClasspath,debugUnitTestCompileClasspath,debugUnitTestRuntimeClasspath,jvmTestCompileClasspath,jvmTestImplementationDependenciesMetadata,jvmTestRuntimeClasspath,releaseUnitTestCompileClasspath,releaseUnitTestRuntimeClasspath
org.jetbrains.kotlin:kotlin-test-common:1.4.21=androidDebugAndroidTestCompileClasspath,androidDebugAndroidTestImplementationDependenciesMetadata,androidDebugAndroidTestRuntimeClasspath,androidDebugUnitTestCompileClasspath,androidDebugUnitTestImplementationDependenciesMetadata,androidDebugUnitTestRuntimeClasspath,androidReleaseUnitTestCompileClasspath,androidReleaseUnitTestImplementationDependenciesMetadata,androidReleaseUnitTestRuntimeClasspath,androidTestDebugImplementationDependenciesMetadata,androidTestImplementationDependenciesMetadata,commonTestImplementationDependenciesMetadata,debugAndroidTestCompileClasspath,debugAndroidTestRuntimeClasspath,debugUnitTestCompileClasspath,debugUnitTestRuntimeClasspath,jvmTestCompileClasspath,jvmTestImplementationDependenciesMetadata,jvmTestRuntimeClasspath,releaseUnitTestCompileClasspath,releaseUnitTestRuntimeClasspath
org.jetbrains.kotlin:kotlin-test-junit:1.4.21=androidDebugUnitTestCompileClasspath,androidDebugUnitTestImplementationDependenciesMetadata,androidDebugUnitTestRuntimeClasspath,androidReleaseUnitTestCompileClasspath,androidReleaseUnitTestImplementationDependenciesMetadata,androidReleaseUnitTestRuntimeClasspath,androidTestImplementationDependenciesMetadata,debugAndroidTestCompileClasspath,debugAndroidTestRuntimeClasspath,debugUnitTestCompileClasspath,debugUnitTestRuntimeClasspath,jvmTestCompileClasspath,jvmTestImplementationDependenciesMetadata,jvmTestRuntimeClasspath,releaseUnitTestCompileClasspath,releaseUnitTestRuntimeClasspath
org.jetbrains.kotlin:kotlin-test:1.4.21=androidDebugUnitTestCompileClasspath,androidDebugUnitTestImplementationDependenciesMetadata,androidDebugUnitTestRuntimeClasspath,androidReleaseUnitTestCompileClasspath,androidReleaseUnitTestImplementationDependenciesMetadata,androidReleaseUnitTestRuntimeClasspath,androidTestImplementationDependenciesMetadata,debugAndroidTestCompileClasspath,debugAndroidTestRuntimeClasspath,debugUnitTestCompileClasspath,debugUnitTestRuntimeClasspath,jvmTestCompileClasspath,jvmTestImplementationDependenciesMetadata,jvmTestRuntimeClasspath,releaseUnitTestCompileClasspath,releaseUnitTestRuntimeClasspath
org.jetbrains.kotlinx:kotlinx-coroutines-core:1.3.7=kotlinCompilerPluginClasspath
org.jetbrains.trove4j:trove4j:20160824=lintClassPath
org.jetbrains:annotations:13.0=androidDebugAndroidTestApiDependenciesMetadata,androidDebugAndroidTestCompileClasspath,androidDebugAndroidTestImplementationDependenciesMetadata,androidDebugAndroidTestRuntimeClasspath,androidDebugCompileClasspath,androidDebugImplementationDependenciesMetadata,androidDebugRuntimeClasspath,androidDebugUnitTestApiDependenciesMetadata,androidDebugUnitTestCompileClasspath,androidDebugUnitTestImplementationDependenciesMetadata,androidDebugUnitTestRuntimeClasspath,androidMainImplementationDependenciesMetadata,androidReleaseCompileClasspath,androidReleaseImplementationDependenciesMetadata,androidReleaseRuntimeClasspath,androidReleaseUnitTestApiDependenciesMetadata,androidReleaseUnitTestCompileClasspath,androidReleaseUnitTestImplementationDependenciesMetadata,androidReleaseUnitTestRuntimeClasspath,androidTestApiDependenciesMetadata,androidTestDebugApiDependenciesMetadata,androidTestDebugImplementationDependenciesMetadata,androidTestImplementationDependenciesMetadata,archives,commonTestApiDependenciesMetadata,debugAndroidTestCompileClasspath,debugAndroidTestRuntimeClasspath,debugCompileClasspath,debugRuntimeClasspath,debugUnitTestCompileClasspath,debugUnitTestRuntimeClasspath,jvmCompileClasspath,jvmDefault,jvmMainImplementationDependenciesMetadata,jvmRuntimeClasspath,jvmTestApiDependenciesMetadata,jvmTestCompileClasspath,jvmTestImplementationDependenciesMetadata,jvmTestRuntimeClasspath,kotlinCompilerClasspath,kotlinCompilerPluginClasspath,kotlinKlibCommonizerClasspath,lintClassPath,releaseCompileClasspath,releaseRuntimeClasspath,releaseUnitTestCompileClasspath,releaseUnitTestRuntimeClasspath
org.jvnet.staxex:stax-ex:1.8=lintClassPath
org.ow2.asm:asm-analysis:7.0=lintClassPath
org.ow2.asm:asm-analysis:7.2=androidDebugUnitTestCompileClasspath,androidDebugUnitTestImplementationDependenciesMetadata,androidDebugUnitTestRuntimeClasspath,androidReleaseUnitTestCompileClasspath,androidReleaseUnitTestImplementationDependenciesMetadata,androidReleaseUnitTestRuntimeClasspath,androidTestImplementationDependenciesMetadata,debugAndroidTestCompileClasspath,debugAndroidTestRuntimeClasspath,debugUnitTestCompileClasspath,debugUnitTestRuntimeClasspath,releaseUnitTestCompileClasspath,releaseUnitTestRuntimeClasspath
org.ow2.asm:asm-commons:7.0=lintClassPath
org.ow2.asm:asm-commons:7.2=androidDebugUnitTestCompileClasspath,androidDebugUnitTestImplementationDependenciesMetadata,androidDebugUnitTestRuntimeClasspath,androidReleaseUnitTestCompileClasspath,androidReleaseUnitTestImplementationDependenciesMetadata,androidReleaseUnitTestRuntimeClasspath,androidTestImplementationDependenciesMetadata,debugAndroidTestCompileClasspath,debugAndroidTestRuntimeClasspath,debugUnitTestCompileClasspath,debugUnitTestRuntimeClasspath,releaseUnitTestCompileClasspath,releaseUnitTestRuntimeClasspath
org.ow2.asm:asm-tree:7.0=lintClassPath
org.ow2.asm:asm-tree:7.2=androidDebugUnitTestCompileClasspath,androidDebugUnitTestImplementationDependenciesMetadata,androidDebugUnitTestRuntimeClasspath,androidReleaseUnitTestCompileClasspath,androidReleaseUnitTestImplementationDependenciesMetadata,androidReleaseUnitTestRuntimeClasspath,androidTestImplementationDependenciesMetadata,debugAndroidTestCompileClasspath,debugAndroidTestRuntimeClasspath,debugUnitTestCompileClasspath,debugUnitTestRuntimeClasspath,releaseUnitTestCompileClasspath,releaseUnitTestRuntimeClasspath
org.ow2.asm:asm-util:7.0=lintClassPath
org.ow2.asm:asm-util:7.2=androidDebugUnitTestCompileClasspath,androidDebugUnitTestImplementationDependenciesMetadata,androidDebugUnitTestRuntimeClasspath,androidReleaseUnitTestCompileClasspath,androidReleaseUnitTestImplementationDependenciesMetadata,androidReleaseUnitTestRuntimeClasspath,androidTestImplementationDependenciesMetadata,debugAndroidTestCompileClasspath,debugAndroidTestRuntimeClasspath,debugUnitTestCompileClasspath,debugUnitTestRuntimeClasspath,releaseUnitTestCompileClasspath,releaseUnitTestRuntimeClasspath
org.ow2.asm:asm:7.0=lintClassPath
org.ow2.asm:asm:7.2=androidDebugUnitTestCompileClasspath,androidDebugUnitTestImplementationDependenciesMetadata,androidDebugUnitTestRuntimeClasspath,androidReleaseUnitTestCompileClasspath,androidReleaseUnitTestImplementationDependenciesMetadata,androidReleaseUnitTestRuntimeClasspath,androidTestImplementationDependenciesMetadata,debugAndroidTestCompileClasspath,debugAndroidTestRuntimeClasspath,debugUnitTestCompileClasspath,debugUnitTestRuntimeClasspath,releaseUnitTestCompileClasspath,releaseUnitTestRuntimeClasspath
org.robolectric:annotations:4.4=androidDebugUnitTestCompileClasspath,androidDebugUnitTestImplementationDependenciesMetadata,androidDebugUnitTestRuntimeClasspath,androidReleaseUnitTestCompileClasspath,androidReleaseUnitTestImplementationDependenciesMetadata,androidReleaseUnitTestRuntimeClasspath,androidTestImplementationDependenciesMetadata,debugAndroidTestCompileClasspath,debugAndroidTestRuntimeClasspath,debugUnitTestCompileClasspath,debugUnitTestRuntimeClasspath,releaseUnitTestCompileClasspath,releaseUnitTestRuntimeClasspath
org.robolectric:junit:4.4=androidDebugUnitTestCompileClasspath,androidDebugUnitTestImplementationDependenciesMetadata,androidDebugUnitTestRuntimeClasspath,androidReleaseUnitTestCompileClasspath,androidReleaseUnitTestImplementationDependenciesMetadata,androidReleaseUnitTestRuntimeClasspath,androidTestImplementationDependenciesMetadata,debugAndroidTestCompileClasspath,debugAndroidTestRuntimeClasspath,debugUnitTestCompileClasspath,debugUnitTestRuntimeClasspath,releaseUnitTestCompileClasspath,releaseUnitTestRuntimeClasspath
org.robolectric:pluginapi:4.4=androidDebugUnitTestCompileClasspath,androidDebugUnitTestImplementationDependenciesMetadata,androidDebugUnitTestRuntimeClasspath,androidReleaseUnitTestCompileClasspath,androidReleaseUnitTestImplementationDependenciesMetadata,androidReleaseUnitTestRuntimeClasspath,androidTestImplementationDependenciesMetadata,debugAndroidTestCompileClasspath,debugAndroidTestRuntimeClasspath,debugUnitTestCompileClasspath,debugUnitTestRuntimeClasspath,releaseUnitTestCompileClasspath,releaseUnitTestRuntimeClasspath
org.robolectric:plugins-maven-dependency-resolver:4.4=androidDebugUnitTestCompileClasspath,androidDebugUnitTestImplementationDependenciesMetadata,androidDebugUnitTestRuntimeClasspath,androidReleaseUnitTestCompileClasspath,androidReleaseUnitTestImplementationDependenciesMetadata,androidReleaseUnitTestRuntimeClasspath,androidTestImplementationDependenciesMetadata,debugAndroidTestCompileClasspath,debugAndroidTestRuntimeClasspath,debugUnitTestCompileClasspath,debugUnitTestRuntimeClasspath,releaseUnitTestCompileClasspath,releaseUnitTestRuntimeClasspath
org.robolectric:resources:4.4=androidDebugUnitTestCompileClasspath,androidDebugUnitTestImplementationDependenciesMetadata,androidDebugUnitTestRuntimeClasspath,androidReleaseUnitTestCompileClasspath,androidReleaseUnitTestImplementationDependenciesMetadata,androidReleaseUnitTestRuntimeClasspath,androidTestImplementationDependenciesMetadata,debugAndroidTestCompileClasspath,debugAndroidTestRuntimeClasspath,debugUnitTestCompileClasspath,debugUnitTestRuntimeClasspath,releaseUnitTestCompileClasspath,releaseUnitTestRuntimeClasspath
org.robolectric:robolectric:4.4=androidDebugUnitTestCompileClasspath,androidDebugUnitTestImplementationDependenciesMetadata,androidDebugUnitTestRuntimeClasspath,androidReleaseUnitTestCompileClasspath,androidReleaseUnitTestImplementationDependenciesMetadata,androidReleaseUnitTestRuntimeClasspath,androidTestImplementationDependenciesMetadata,debugAndroidTestCompileClasspath,debugAndroidTestRuntimeClasspath,debugUnitTestCompileClasspath,debugUnitTestRuntimeClasspath,releaseUnitTestCompileClasspath,releaseUnitTestRuntimeClasspath
org.robolectric:sandbox:4.4=androidDebugUnitTestCompileClasspath,androidDebugUnitTestImplementationDependenciesMetadata,androidDebugUnitTestRuntimeClasspath,androidReleaseUnitTestCompileClasspath,androidReleaseUnitTestImplementationDependenciesMetadata,androidReleaseUnitTestRuntimeClasspath,androidTestImplementationDependenciesMetadata,debugAndroidTestCompileClasspath,debugAndroidTestRuntimeClasspath,debugUnitTestCompileClasspath,debugUnitTestRuntimeClasspath,releaseUnitTestCompileClasspath,releaseUnitTestRuntimeClasspath
org.robolectric:shadowapi:4.4=androidDebugUnitTestCompileClasspath,androidDebugUnitTestImplementationDependenciesMetadata,androidDebugUnitTestRuntimeClasspath,androidReleaseUnitTestCompileClasspath,androidReleaseUnitTestImplementationDependenciesMetadata,androidReleaseUnitTestRuntimeClasspath,androidTestImplementationDependenciesMetadata,debugAndroidTestCompileClasspath,debugAndroidTestRuntimeClasspath,debugUnitTestCompileClasspath,debugUnitTestRuntimeClasspath,releaseUnitTestCompileClasspath,releaseUnitTestRuntimeClasspath
org.robolectric:shadows-framework:4.4=androidDebugUnitTestCompileClasspath,androidDebugUnitTestImplementationDependenciesMetadata,androidDebugUnitTestRuntimeClasspath,androidReleaseUnitTestCompileClasspath,androidReleaseUnitTestImplementationDependenciesMetadata,androidReleaseUnitTestRuntimeClasspath,androidTestImplementationDependenciesMetadata,debugAndroidTestCompileClasspath,debugAndroidTestRuntimeClasspath,debugUnitTestCompileClasspath,debugUnitTestRuntimeClasspath,releaseUnitTestCompileClasspath,releaseUnitTestRuntimeClasspath
org.robolectric:utils-reflector:4.4=androidDebugUnitTestCompileClasspath,androidDebugUnitTestImplementationDependenciesMetadata,androidDebugUnitTestRuntimeClasspath,androidReleaseUnitTestCompileClasspath,androidReleaseUnitTestImplementationDependenciesMetadata,androidReleaseUnitTestRuntimeClasspath,androidTestImplementationDependenciesMetadata,debugAndroidTestCompileClasspath,debugAndroidTestRuntimeClasspath,debugUnitTestCompileClasspath,debugUnitTestRuntimeClasspath,releaseUnitTestCompileClasspath,releaseUnitTestRuntimeClasspath
org.robolectric:utils:4.4=androidDebugUnitTestCompileClasspath,androidDebugUnitTestImplementationDependenciesMetadata,androidDebugUnitTestRuntimeClasspath,androidReleaseUnitTestCompileClasspath,androidReleaseUnitTestImplementationDependenciesMetadata,androidReleaseUnitTestRuntimeClasspath,androidTestImplementationDependenciesMetadata,debugAndroidTestCompileClasspath,debugAndroidTestRuntimeClasspath,debugUnitTestCompileClasspath,debugUnitTestRuntimeClasspath,releaseUnitTestCompileClasspath,releaseUnitTestRuntimeClasspath
empty=androidAndroidTestApiDependenciesMetadata,androidAndroidTestCompileOnlyDependenciesMetadata,androidAndroidTestDebugApiDependenciesMetadata,androidAndroidTestDebugCompileOnlyDependenciesMetadata,androidAndroidTestDebugImplementationDependenciesMetadata,androidAndroidTestDebugRuntimeOnlyDependenciesMetadata,androidAndroidTestImplementationDependenciesMetadata,androidAndroidTestRuntimeOnlyDependenciesMetadata,androidApis,androidDebugAndroidTestCompile,androidDebugAndroidTestCompileOnlyDependenciesMetadata,androidDebugAndroidTestRuntime,androidDebugAndroidTestRuntimeOnlyDependenciesMetadata,androidDebugApiDependenciesMetadata,androidDebugCompile,androidDebugCompileOnly,androidDebugCompileOnlyDependenciesMetadata,androidDebugRuntime,androidDebugRuntimeOnlyDependenciesMetadata,androidDebugUnitTestCompile,androidDebugUnitTestCompileOnlyDependenciesMetadata,androidDebugUnitTestRuntime,androidDebugUnitTestRuntimeOnlyDependenciesMetadata,androidMainApiDependenciesMetadata,androidMainCompileOnlyDependenciesMetadata,androidMainRuntimeOnlyDependenciesMetadata,androidReleaseApiDependenciesMetadata,androidReleaseCompile,androidReleaseCompileOnly,androidReleaseCompileOnlyDependenciesMetadata,androidReleaseRuntime,androidReleaseRuntimeOnlyDependenciesMetadata,androidReleaseUnitTestCompile,androidReleaseUnitTestCompileOnlyDependenciesMetadata,androidReleaseUnitTestRuntime,androidReleaseUnitTestRuntimeOnlyDependenciesMetadata,androidTestCompileOnlyDependenciesMetadata,androidTestDebugCompileOnlyDependenciesMetadata,androidTestDebugRuntimeOnlyDependenciesMetadata,androidTestReleaseApiDependenciesMetadata,androidTestReleaseCompileOnlyDependenciesMetadata,androidTestReleaseImplementationDependenciesMetadata,androidTestReleaseRuntimeOnlyDependenciesMetadata,androidTestRuntimeOnlyDependenciesMetadata,androidTestUtil,commonMainApiDependenciesMetadata,commonMainCompileOnlyDependenciesMetadata,commonMainRuntimeOnlyDependenciesMetadata,commonTestCompileOnlyDependenciesMetadata,commonTestRuntimeOnlyDependenciesMetadata,compile,coreLibraryDesugaring,debugAndroidTestAnnotationProcessorClasspath,debugAnnotationProcessorClasspath,debugUnitTestAnnotationProcessorClasspath,default,jvmCompile,jvmCompileOnly,jvmMainApiDependenciesMetadata,jvmMainCompileOnlyDependenciesMetadata,jvmMainRuntimeOnlyDependenciesMetadata,jvmRuntime,jvmTestCompile,jvmTestCompileOnlyDependenciesMetadata,jvmTestRuntime,jvmTestRuntimeOnlyDependenciesMetadata,kotlinNativeCompilerPluginClasspath,kotlinScriptDef,kotlinScriptDefExtensions,lintChecks,lintPublish,metadataCompile,metadataCompileOnly,metadataDefault,metadataRuntimeOnly,releaseAnnotationProcessorClasspath,releaseUnitTestAnnotationProcessorClasspath,testCompile,testKotlinScriptDef,testKotlinScriptDefExtensions
